<Solution>
  <Project Path="src/Validify/Validify.csproj" />
  <Project Path="src/Validify.SourceGenerator/Validify.SourceGenerator.csproj" />
  <Project Path="samples/Validify.AotSample/Validify.AotSample.csproj" />
  <Project Path="tests/Validify.SourceGenerator.Tests/Validify.SourceGenerator.Tests.csproj" />
  <Project Path="tests/Validify.Tests/Validify.Tests.csproj" />
</Solution>